
Microsoft Visual Studio Solution File, Format Version 12.00
# Visual Studio 15
VisualStudioVersion = 15.0.26430.14
MinimumVisualStudioVersion = 10.0.40219.1
Project("{FAE04EC0-301F-11D3-BF4B-00C04F79EFBC}") = "Diablo II Simulator", "Diablo II Simulator\Diablo II Simulator.csproj", "{F66F6F3B-59F5-49C3-A0E7-797387D46ED6}"
EndProject
Global
	GlobalSection(SolutionConfigurationPlatforms) = preSolution
		Debug|Any CPU = Debug|Any CPU
		Release|Any CPU = Release|Any CPU
	EndGlobalSection
	GlobalSection(ProjectConfigurationPlatforms) = postSolution
		{F66F6F3B-59F5-49C3-A0E7-797387D46ED6}.Debug|Any CPU.ActiveCfg = Debug|Any CPU
		{F66F6F3B-59F5-49C3-A0E7-797387D46ED6}.Debug|Any CPU.Build.0 = Debug|Any CPU
		{F66F6F3B-59F5-49C3-A0E7-797387D46ED6}.Release|Any CPU.ActiveCfg = Release|Any CPU
		{F66F6F3B-59F5-49C3-A0E7-797387D46ED6}.Release|Any CPU.Build.0 = Release|Any CPU
	EndGlobalSection
	GlobalSection(SolutionProperties) = preSolution
		HideSolutionNode = FALSE
	EndGlobalSection
EndGlobal
